Microsoft Visual Studio Solution File, Format Version 9.00
# Visual Studio 2005
# SharpDevelop 3.0.0.2970
Project("{FAE04EC0-301F-11D3-BF4B-00C04F79EFBC}") = "ServerSetup", "ServerSetup.csproj", "{4D5BBAF1-0368-407C-8062-1F8782B4D593}"
EndProject
Global
	GlobalSection(SolutionConfigurationPlatforms) = preSolution
		Debug|Any CPU = Debug|Any CPU
		Release|Any CPU = Release|Any CPU
	EndGlobalSection
	GlobalSection(ProjectConfigurationPlatforms) = postSolution
		{4D5BBAF1-0368-407C-8062-1F8782B4D593}.Debug|Any CPU.Build.0 = Debug|Any CPU
		{4D5BBAF1-0368-407C-8062-1F8782B4D593}.Debug|Any CPU.ActiveCfg = Debug|Any CPU
		{4D5BBAF1-0368-407C-8062-1F8782B4D593}.Release|Any CPU.Build.0 = Release|Any CPU
		{4D5BBAF1-0368-407C-8062-1F8782B4D593}.Release|Any CPU.ActiveCfg = Release|Any CPU
	EndGlobalSection
EndGlobal
