
Microsoft Visual Studio Solution File, Format Version 9.00
# Visual Studio 2005
# SharpDevelop 3.0.0.3800
Project("{FAE04EC0-301F-11D3-BF4B-00C04F79EFBC}") = "InteropConveyNet", "InteropConveyNet.csproj", "{909A69E0-8343-4128-BC82-B18274C97401}"
EndProject
Global
	GlobalSection(SolutionConfigurationPlatforms) = preSolution
		Debug|Any CPU = Debug|Any CPU
		Release|Any CPU = Release|Any CPU
	EndGlobalSection
	GlobalSection(ProjectConfigurationPlatforms) = postSolution
		{909A69E0-8343-4128-BC82-B18274C97401}.Debug|Any CPU.Build.0 = Debug|Any CPU
		{909A69E0-8343-4128-BC82-B18274C97401}.Debug|Any CPU.ActiveCfg = Debug|Any CPU
		{909A69E0-8343-4128-BC82-B18274C97401}.Release|Any CPU.Build.0 = Release|Any CPU
		{909A69E0-8343-4128-BC82-B18274C97401}.Release|Any CPU.ActiveCfg = Release|Any CPU
	EndGlobalSection
EndGlobal
